
Microsoft Visual Studio Solution File, Format Version 12.00
# Visual Studio Version 17
VisualStudioVersion = 17.3.32922.545
MinimumVisualStudioVersion = 10.0.40219.1
Project("{9A19103F-16F7-4668-BE54-9A1E7A4F7556}") = "Summary", "Summary\Summary.csproj", "{D78DF211-AE97-496D-A9C9-EA8CCCB43B74}"
EndProject
Global
	GlobalSection(SolutionConfigurationPlatforms) = preSolution
		Debug|Any CPU = Debug|Any CPU
		Debug|x64 = Debug|x64
		Release|Any CPU = Release|Any CPU
		Release|x64 = Release|x64
	EndGlobalSection
	GlobalSection(ProjectConfigurationPlatforms) = postSolution
		{D78DF211-AE97-496D-A9C9-EA8CCCB43B74}.Debug|Any CPU.ActiveCfg = Debug|Any CPU
		{D78DF211-AE97-496D-A9C9-EA8CCCB43B74}.Debug|Any CPU.Build.0 = Debug|Any CPU
		{D78DF211-AE97-496D-A9C9-EA8CCCB43B74}.Debug|x64.ActiveCfg = Debug|x64
		{D78DF211-AE97-496D-A9C9-EA8CCCB43B74}.Debug|x64.Build.0 = Debug|x64
		{D78DF211-AE97-496D-A9C9-EA8CCCB43B74}.Release|Any CPU.ActiveCfg = Release|Any CPU
		{D78DF211-AE97-496D-A9C9-EA8CCCB43B74}.Release|Any CPU.Build.0 = Release|Any CPU
		{D78DF211-AE97-496D-A9C9-EA8CCCB43B74}.Release|x64.ActiveCfg = Release|Any CPU
		{D78DF211-AE97-496D-A9C9-EA8CCCB43B74}.Release|x64.Build.0 = Release|Any CPU
	EndGlobalSection
	GlobalSection(SolutionProperties) = preSolution
		HideSolutionNode = FALSE
	EndGlobalSection
	GlobalSection(ExtensibilityGlobals) = postSolution
		SolutionGuid = {03C915F9-11AF-4D1E-A200-97F569ECE5CB}
	EndGlobalSection
EndGlobal
